{
  "name": "conquiz-js",
  "version": "1.0.0",
  "lockfileVersion": 1,
  "requires": true,
  "dependencies": {
    "babel-plugin-react-native-web": {
      "version": "0.3.0-rc.4",
      "resolved": "https://registry.npmjs.org/babel-plugin-react-native-web/-/babel-plugin-react-native-web-0.3.0-rc.4.tgz",
      "integrity": "sha512-jABRR0AgdXAjak9GpZqN06hliO48e3b9ewL9CpDYLu/WtuKjeHApQIs5woK6aMg5wwA+dlXNmbKsEFEff5It+g==",
      "dev": true
    }
  }
}
